
Microsoft Visual Studio Solution File, Format Version 12.00
# Visual Studio 2012
Project("{FAE04EC0-301F-11D3-BF4B-00C04F79EFBC}") = "1. DeclareFiveVarialbles", "1. DeclareFiveVarialbles\1. DeclareFiveVarialbles.csproj", "{0AE9FA53-1501-480B-B209-3FD14A1EC2F5}"
EndProject
Project("{FAE04EC0-301F-11D3-BF4B-00C04F79EFBC}") = "2. FloatOrDouble", "2. FloatOrDouble\2. FloatOrDouble.csproj", "{6666B843-2DEA-46D2-9F17-4C36DBBE0CFA}"
EndProject
Project("{FAE04EC0-301F-11D3-BF4B-00C04F79EFBC}") = "3. CompareFloatingPointNumbers", "3. CompareFloatingPointNumbers\3. CompareFloatingPointNumbers.csproj", "{C7A989B6-50CE-4920-919C-05DACC4E8891}"
EndProject
Project("{FAE04EC0-301F-11D3-BF4B-00C04F79EFBC}") = "4. ValueInHexadecimalFormat", "4. ValueInHexadecimalFormat\4. ValueInHexadecimalFormat.csproj", "{CF8456BC-1E8B-4ECC-BC13-48AF95DD8145}"
EndProject
Project("{FAE04EC0-301F-11D3-BF4B-00C04F79EFBC}") = "5. CharacterVariable", "5. CharacterVariable\5. CharacterVariable.csproj", "{711EA474-CFAE-46DA-A127-932FC90629C0}"
EndProject
Project("{FAE04EC0-301F-11D3-BF4B-00C04F79EFBC}") = "6. IsFemaleProgram", "6. IsFemaleProgram\6. IsFemaleProgram.csproj", "{69DD2E3C-4C4C-49A1-9084-B61BB0287744}"
EndProject
Project("{FAE04EC0-301F-11D3-BF4B-00C04F79EFBC}") = "7. HelloWorldProgram", "7. HelloWorldProgram\7. HelloWorldProgram.csproj", "{083F0C99-5023-41A1-B243-5FC2FA4631B8}"
EndProject
Project("{FAE04EC0-301F-11D3-BF4B-00C04F79EFBC}") = "8. QuotedStrings", "8. QuotedStrings\8. QuotedStrings.csproj", "{B7EEF00F-B725-40A6-A9FB-AEC7C2342A57}"
EndProject
Project("{FAE04EC0-301F-11D3-BF4B-00C04F79EFBC}") = "9. TriangleOfNineCopyrightSymbols", "9. TriangleOfNineCopyrightSymbols\9. TriangleOfNineCopyrightSymbols.csproj", "{6E5D8B61-3516-485F-B90A-E5607AB22B34}"
EndProject
Project("{FAE04EC0-301F-11D3-BF4B-00C04F79EFBC}") = "10. RecordOfEmployee", "10. RecordOfEmployee\10. RecordOfEmployee.csproj", "{01559B80-508D-491C-A40E-26631A6D1A88}"
EndProject
Project("{FAE04EC0-301F-11D3-BF4B-00C04F79EFBC}") = "11. ExchangeValues", "11. ExchangeValues\11. ExchangeValues.csproj", "{E323799B-30C1-4FCA-91AE-D68865F0BD8A}"
EndProject
Project("{FAE04EC0-301F-11D3-BF4B-00C04F79EFBC}") = "12. PrintASCIITable", "12. PrintASCIITable\12. PrintASCIITable.csproj", "{46D41E31-9BD6-4CFF-9B27-870FA9E1528F}"
EndProject
Project("{FAE04EC0-301F-11D3-BF4B-00C04F79EFBC}") = "13. NullValues", "13. NullValues\13. NullValues.csproj", "{21FF7812-7470-4D5C-BDAB-DF8DC3C6D40C}"
EndProject
Project("{FAE04EC0-301F-11D3-BF4B-00C04F79EFBC}") = "14. BankAccountInformation", "14. BankAccountInformation\14. BankAccountInformation.csproj", "{22447A66-EEC5-4F24-8FC1-34D339A9E8EB}"
EndProject
Global
	GlobalSection(SolutionConfigurationPlatforms) = preSolution
		Debug|Any CPU = Debug|Any CPU
		Release|Any CPU = Release|Any CPU
	EndGlobalSection
	GlobalSection(ProjectConfigurationPlatforms) = postSolution
		{0AE9FA53-1501-480B-B209-3FD14A1EC2F5}.Debug|Any CPU.ActiveCfg = Debug|Any CPU
		{0AE9FA53-1501-480B-B209-3FD14A1EC2F5}.Debug|Any CPU.Build.0 = Debug|Any CPU
		{0AE9FA53-1501-480B-B209-3FD14A1EC2F5}.Release|Any CPU.ActiveCfg = Release|Any CPU
		{0AE9FA53-1501-480B-B209-3FD14A1EC2F5}.Release|Any CPU.Build.0 = Release|Any CPU
		{6666B843-2DEA-46D2-9F17-4C36DBBE0CFA}.Debug|Any CPU.ActiveCfg = Debug|Any CPU
		{6666B843-2DEA-46D2-9F17-4C36DBBE0CFA}.Debug|Any CPU.Build.0 = Debug|Any CPU
		{6666B843-2DEA-46D2-9F17-4C36DBBE0CFA}.Release|Any CPU.ActiveCfg = Release|Any CPU
		{6666B843-2DEA-46D2-9F17-4C36DBBE0CFA}.Release|Any CPU.Build.0 = Release|Any CPU
		{C7A989B6-50CE-4920-919C-05DACC4E8891}.Debug|Any CPU.ActiveCfg = Debug|Any CPU
		{C7A989B6-50CE-4920-919C-05DACC4E8891}.Debug|Any CPU.Build.0 = Debug|Any CPU
		{C7A989B6-50CE-4920-919C-05DACC4E8891}.Release|Any CPU.ActiveCfg = Release|Any CPU
		{C7A989B6-50CE-4920-919C-05DACC4E8891}.Release|Any CPU.Build.0 = Release|Any CPU
		{CF8456BC-1E8B-4ECC-BC13-48AF95DD8145}.Debug|Any CPU.ActiveCfg = Debug|Any CPU
		{CF8456BC-1E8B-4ECC-BC13-48AF95DD8145}.Debug|Any CPU.Build.0 = Debug|Any CPU
		{CF8456BC-1E8B-4ECC-BC13-48AF95DD8145}.Release|Any CPU.ActiveCfg = Release|Any CPU
		{CF8456BC-1E8B-4ECC-BC13-48AF95DD8145}.Release|Any CPU.Build.0 = Release|Any CPU
		{711EA474-CFAE-46DA-A127-932FC90629C0}.Debug|Any CPU.ActiveCfg = Debug|Any CPU
		{711EA474-CFAE-46DA-A127-932FC90629C0}.Debug|Any CPU.Build.0 = Debug|Any CPU
		{711EA474-CFAE-46DA-A127-932FC90629C0}.Release|Any CPU.ActiveCfg = Release|Any CPU
		{711EA474-CFAE-46DA-A127-932FC90629C0}.Release|Any CPU.Build.0 = Release|Any CPU
		{69DD2E3C-4C4C-49A1-9084-B61BB0287744}.Debug|Any CPU.ActiveCfg = Debug|Any CPU
		{69DD2E3C-4C4C-49A1-9084-B61BB0287744}.Debug|Any CPU.Build.0 = Debug|Any CPU
		{69DD2E3C-4C4C-49A1-9084-B61BB0287744}.Release|Any CPU.ActiveCfg = Release|Any CPU
		{69DD2E3C-4C4C-49A1-9084-B61BB0287744}.Release|Any CPU.Build.0 = Release|Any CPU
		{083F0C99-5023-41A1-B243-5FC2FA4631B8}.Debug|Any CPU.ActiveCfg = Debug|Any CPU
		{083F0C99-5023-41A1-B243-5FC2FA4631B8}.Debug|Any CPU.Build.0 = Debug|Any CPU
		{083F0C99-5023-41A1-B243-5FC2FA4631B8}.Release|Any CPU.ActiveCfg = Release|Any CPU
		{083F0C99-5023-41A1-B243-5FC2FA4631B8}.Release|Any CPU.Build.0 = Release|Any CPU
		{B7EEF00F-B725-40A6-A9FB-AEC7C2342A57}.Debug|Any CPU.ActiveCfg = Debug|Any CPU
		{B7EEF00F-B725-40A6-A9FB-AEC7C2342A57}.Debug|Any CPU.Build.0 = Debug|Any CPU
		{B7EEF00F-B725-40A6-A9FB-AEC7C2342A57}.Release|Any CPU.ActiveCfg = Release|Any CPU
		{B7EEF00F-B725-40A6-A9FB-AEC7C2342A57}.Release|Any CPU.Build.0 = Release|Any CPU
		{6E5D8B61-3516-485F-B90A-E5607AB22B34}.Debug|Any CPU.ActiveCfg = Debug|Any CPU
		{6E5D8B61-3516-485F-B90A-E5607AB22B34}.Debug|Any CPU.Build.0 = Debug|Any CPU
		{6E5D8B61-3516-485F-B90A-E5607AB22B34}.Release|Any CPU.ActiveCfg = Release|Any CPU
		{6E5D8B61-3516-485F-B90A-E5607AB22B34}.Release|Any CPU.Build.0 = Release|Any CPU
		{01559B80-508D-491C-A40E-26631A6D1A88}.Debug|Any CPU.ActiveCfg = Debug|Any CPU
		{01559B80-508D-491C-A40E-26631A6D1A88}.Debug|Any CPU.Build.0 = Debug|Any CPU
		{01559B80-508D-491C-A40E-26631A6D1A88}.Release|Any CPU.ActiveCfg = Release|Any CPU
		{01559B80-508D-491C-A40E-26631A6D1A88}.Release|Any CPU.Build.0 = Release|Any CPU
		{E323799B-30C1-4FCA-91AE-D68865F0BD8A}.Debug|Any CPU.ActiveCfg = Debug|Any CPU
		{E323799B-30C1-4FCA-91AE-D68865F0BD8A}.Debug|Any CPU.Build.0 = Debug|Any CPU
		{E323799B-30C1-4FCA-91AE-D68865F0BD8A}.Release|Any CPU.ActiveCfg = Release|Any CPU
		{E323799B-30C1-4FCA-91AE-D68865F0BD8A}.Release|Any CPU.Build.0 = Release|Any CPU
		{46D41E31-9BD6-4CFF-9B27-870FA9E1528F}.Debug|Any CPU.ActiveCfg = Debug|Any CPU
		{46D41E31-9BD6-4CFF-9B27-870FA9E1528F}.Debug|Any CPU.Build.0 = Debug|Any CPU
		{46D41E31-9BD6-4CFF-9B27-870FA9E1528F}.Release|Any CPU.ActiveCfg = Release|Any CPU
		{46D41E31-9BD6-4CFF-9B27-870FA9E1528F}.Release|Any CPU.Build.0 = Release|Any CPU
		{21FF7812-7470-4D5C-BDAB-DF8DC3C6D40C}.Debug|Any CPU.ActiveCfg = Debug|Any CPU
		{21FF7812-7470-4D5C-BDAB-DF8DC3C6D40C}.Debug|Any CPU.Build.0 = Debug|Any CPU
		{21FF7812-7470-4D5C-BDAB-DF8DC3C6D40C}.Release|Any CPU.ActiveCfg = Release|Any CPU
		{21FF7812-7470-4D5C-BDAB-DF8DC3C6D40C}.Release|Any CPU.Build.0 = Release|Any CPU
		{22447A66-EEC5-4F24-8FC1-34D339A9E8EB}.Debug|Any CPU.ActiveCfg = Debug|Any CPU
		{22447A66-EEC5-4F24-8FC1-34D339A9E8EB}.Debug|Any CPU.Build.0 = Debug|Any CPU
		{22447A66-EEC5-4F24-8FC1-34D339A9E8EB}.Release|Any CPU.ActiveCfg = Release|Any CPU
		{22447A66-EEC5-4F24-8FC1-34D339A9E8EB}.Release|Any CPU.Build.0 = Release|Any CPU
	EndGlobalSection
	GlobalSection(SolutionProperties) = preSolution
		HideSolutionNode = FALSE
	EndGlobalSection
EndGlobal
